
Microsoft Visual Studio Solution File, Format Version 12.00
# Visual Studio 15
Project("{FAE04EC0-301F-11D3-BF4B-00C04F79EFBC}") = "Battle Tank", "Battle Tank.csproj", "{A67D11E5-377B-6EC1-2CF0-2074A30E9207}"
EndProject
Global
	GlobalSection(SolutionConfigurationPlatforms) = preSolution
		Debug|Any CPU = Debug|Any CPU
		Release|Any CPU = Release|Any CPU
	EndGlobalSection
	GlobalSection(ProjectConfigurationPlatforms) = postSolution
		{A67D11E5-377B-6EC1-2CF0-2074A30E9207}.Debug|Any CPU.ActiveCfg = Debug|Any CPU
		{A67D11E5-377B-6EC1-2CF0-2074A30E9207}.Debug|Any CPU.Build.0 = Debug|Any CPU
		{A67D11E5-377B-6EC1-2CF0-2074A30E9207}.Release|Any CPU.ActiveCfg = Release|Any CPU
		{A67D11E5-377B-6EC1-2CF0-2074A30E9207}.Release|Any CPU.Build.0 = Release|Any CPU
	EndGlobalSection
	GlobalSection(SolutionProperties) = preSolution
		HideSolutionNode = FALSE
	EndGlobalSection
EndGlobal
